
Microsoft Visual Studio Solution File, Format Version 12.00
# Visual Studio Version 17
VisualStudioVersion = 17.11.35312.102
MinimumVisualStudioVersion = 10.0.40219.1
Project("{FAE04EC0-301F-11D3-BF4B-00C04F79EFBC}") = "WebAppMvcClientLocation", "WebAppMvcClientLocation\WebAppMvcClientLocation.csproj", "{F294E1D5-9E19-4AFB-88B4-22F711B1DFE1}"
EndProject
Global
	GlobalSection(SolutionConfigurationPlatforms) = preSolution
		Debug|Any CPU = Debug|Any CPU
		Release|Any CPU = Release|Any CPU
	EndGlobalSection
	GlobalSection(ProjectConfigurationPlatforms) = postSolution
		{F294E1D5-9E19-4AFB-88B4-22F711B1DFE1}.Debug|Any CPU.ActiveCfg = Debug|Any CPU
		{F294E1D5-9E19-4AFB-88B4-22F711B1DFE1}.Debug|Any CPU.Build.0 = Debug|Any CPU
		{F294E1D5-9E19-4AFB-88B4-22F711B1DFE1}.Release|Any CPU.ActiveCfg = Release|Any CPU
		{F294E1D5-9E19-4AFB-88B4-22F711B1DFE1}.Release|Any CPU.Build.0 = Release|Any CPU
	EndGlobalSection
	GlobalSection(SolutionProperties) = preSolution
		HideSolutionNode = FALSE
	EndGlobalSection
	GlobalSection(ExtensibilityGlobals) = postSolution
		SolutionGuid = {6DD84C85-9392-42F4-8696-4B43A8D9EED8}
	EndGlobalSection
EndGlobal
